PODS:
  - ChameleonFramework (2.1.0):
    - ChameleonFramework/Default (= 2.1.0)
  - ChameleonFramework/Default (2.1.0)

DEPENDENCIES:
  - ChameleonFramework

SPEC CHECKSUMS:
  ChameleonFramework: d21a3cc247abfe5e37609a283a8238b03575cf64

PODFILE CHECKSUM: 133d89f293ab56802b64beb3e6c872e34c9e29be

COCOAPODS: 1.2.1
